
Microsoft Visual Studio Solution File, Format Version 12.00
# Visual Studio 15
VisualStudioVersion = 15.0.27428.2002
MinimumVisualStudioVersion = 10.0.40219.1
Project("{FAE04EC0-301F-11D3-BF4B-00C04F79EFBC}") = "MusicDBApp", "MusicDBApp\MusicDBApp.csproj", "{FDC50B32-C619-49F7-A3F5-5996132F608F}"
EndProject
Global
	GlobalSection(SolutionConfigurationPlatforms) = preSolution
		Debug|Any CPU = Debug|Any CPU
		Release|Any CPU = Release|Any CPU
	EndGlobalSection
	GlobalSection(ProjectConfigurationPlatforms) = postSolution
		{FDC50B32-C619-49F7-A3F5-5996132F608F}.Debug|Any CPU.ActiveCfg = Debug|Any CPU
		{FDC50B32-C619-49F7-A3F5-5996132F608F}.Debug|Any CPU.Build.0 = Debug|Any CPU
		{FDC50B32-C619-49F7-A3F5-5996132F608F}.Release|Any CPU.ActiveCfg = Release|Any CPU
		{FDC50B32-C619-49F7-A3F5-5996132F608F}.Release|Any CPU.Build.0 = Release|Any CPU
	EndGlobalSection
	GlobalSection(SolutionProperties) = preSolution
		HideSolutionNode = FALSE
	EndGlobalSection
	GlobalSection(ExtensibilityGlobals) = postSolution
		SolutionGuid = {C8B71A63-4742-4D91-8C91-F29A260CA4D1}
	EndGlobalSection
EndGlobal
